
Microsoft Visual Studio Solution File, Format Version 12.00
# Visual Studio Version 16
VisualStudioVersion = 16.0.29519.87
MinimumVisualStudioVersion = 10.0.40219.1
Project("{FAE04EC0-301F-11D3-BF4B-00C04F79EFBC}") = "ConfirmScreen", "ConfirmScreen\ConfirmScreen.csproj", "{6C03127C-042E-427E-93AE-4B3094AA11F3}"
EndProject
Global
	GlobalSection(SolutionConfigurationPlatforms) = preSolution
		Debug|Any CPU = Debug|Any CPU
		Release|Any CPU = Release|Any CPU
	EndGlobalSection
	GlobalSection(ProjectConfigurationPlatforms) = postSolution
		{6C03127C-042E-427E-93AE-4B3094AA11F3}.Debug|Any CPU.ActiveCfg = Debug|Any CPU
		{6C03127C-042E-427E-93AE-4B3094AA11F3}.Debug|Any CPU.Build.0 = Debug|Any CPU
		{6C03127C-042E-427E-93AE-4B3094AA11F3}.Release|Any CPU.ActiveCfg = Release|Any CPU
		{6C03127C-042E-427E-93AE-4B3094AA11F3}.Release|Any CPU.Build.0 = Release|Any CPU
	EndGlobalSection
	GlobalSection(SolutionProperties) = preSolution
		HideSolutionNode = FALSE
	EndGlobalSection
	GlobalSection(ExtensibilityGlobals) = postSolution
		SolutionGuid = {2278761F-DFD0-4862-9390-B5ED04B62766}
	EndGlobalSection
EndGlobal
